
Microsoft Visual Studio Solution File, Format Version 12.00
# Visual Studio Version 17
VisualStudioVersion = 17.11.35222.181
MinimumVisualStudioVersion = 10.0.40219.1
Project("{9A19103F-16F7-4668-BE54-9A1E7A4F7556}") = "Menu", "Menu\Menu.csproj", "{F7EB0AFB-B8EF-4868-9788-9B467204B3DB}"
EndProject
Project("{9A19103F-16F7-4668-BE54-9A1E7A4F7556}") = "CalculaDesconto", "CalculaDesconto\CalculaDesconto.csproj", "{E569D6BA-C93A-4A26-82BF-248E8961B498}"
EndProject
Project("{9A19103F-16F7-4668-BE54-9A1E7A4F7556}") = "ValidaTriangulo", "ValidaTriangulo\ValidaTriangulo.csproj", "{4F6EDCA5-7CBD-46B1-8160-947062910056}"
EndProject
Project("{9A19103F-16F7-4668-BE54-9A1E7A4F7556}") = "TrabalhoTest", "TrabalhoTest\TrabalhoTest.csproj", "{B6189FB5-5282-4F9F-8D44-274EEB60B275}"
EndProject
Global
	GlobalSection(SolutionConfigurationPlatforms) = preSolution
		Debug|Any CPU = Debug|Any CPU
		Release|Any CPU = Release|Any CPU
	EndGlobalSection
	GlobalSection(ProjectConfigurationPlatforms) = postSolution
		{F7EB0AFB-B8EF-4868-9788-9B467204B3DB}.Debug|Any CPU.ActiveCfg = Debug|Any CPU
		{F7EB0AFB-B8EF-4868-9788-9B467204B3DB}.Debug|Any CPU.Build.0 = Debug|Any CPU
		{F7EB0AFB-B8EF-4868-9788-9B467204B3DB}.Release|Any CPU.ActiveCfg = Release|Any CPU
		{F7EB0AFB-B8EF-4868-9788-9B467204B3DB}.Release|Any CPU.Build.0 = Release|Any CPU
		{E569D6BA-C93A-4A26-82BF-248E8961B498}.Debug|Any CPU.ActiveCfg = Debug|Any CPU
		{E569D6BA-C93A-4A26-82BF-248E8961B498}.Debug|Any CPU.Build.0 = Debug|Any CPU
		{E569D6BA-C93A-4A26-82BF-248E8961B498}.Release|Any CPU.ActiveCfg = Release|Any CPU
		{E569D6BA-C93A-4A26-82BF-248E8961B498}.Release|Any CPU.Build.0 = Release|Any CPU
		{4F6EDCA5-7CBD-46B1-8160-947062910056}.Debug|Any CPU.ActiveCfg = Debug|Any CPU
		{4F6EDCA5-7CBD-46B1-8160-947062910056}.Debug|Any CPU.Build.0 = Debug|Any CPU
		{4F6EDCA5-7CBD-46B1-8160-947062910056}.Release|Any CPU.ActiveCfg = Release|Any CPU
		{4F6EDCA5-7CBD-46B1-8160-947062910056}.Release|Any CPU.Build.0 = Release|Any CPU
		{B6189FB5-5282-4F9F-8D44-274EEB60B275}.Debug|Any CPU.ActiveCfg = Debug|Any CPU
		{B6189FB5-5282-4F9F-8D44-274EEB60B275}.Debug|Any CPU.Build.0 = Debug|Any CPU
		{B6189FB5-5282-4F9F-8D44-274EEB60B275}.Release|Any CPU.ActiveCfg = Release|Any CPU
		{B6189FB5-5282-4F9F-8D44-274EEB60B275}.Release|Any CPU.Build.0 = Release|Any CPU
	EndGlobalSection
	GlobalSection(SolutionProperties) = preSolution
		HideSolutionNode = FALSE
	EndGlobalSection
	GlobalSection(ExtensibilityGlobals) = postSolution
		SolutionGuid = {187216D7-0BF1-4A55-80F9-70B7F78ACA4C}
	EndGlobalSection
EndGlobal
